
Microsoft Visual Studio Solution File, Format Version 12.00
# Visual Studio 15
Project("{FAE04EC0-301F-11D3-BF4B-00C04F79EFBC}") = "Assembly-CSharp", "Assembly-CSharp.csproj", "{9BBCF955-C42F-20F2-4FB6-D53E7F7E9688}"
EndProject
Global
	GlobalSection(SolutionConfigurationPlatforms) = preSolution
		Debug|Any CPU = Debug|Any CPU
		Release|Any CPU = Release|Any CPU
	EndGlobalSection
	GlobalSection(ProjectConfigurationPlatforms) = postSolution
		{9BBCF955-C42F-20F2-4FB6-D53E7F7E9688}.Debug|Any CPU.ActiveCfg = Debug|Any CPU
		{9BBCF955-C42F-20F2-4FB6-D53E7F7E9688}.Debug|Any CPU.Build.0 = Debug|Any CPU
		{9BBCF955-C42F-20F2-4FB6-D53E7F7E9688}.Release|Any CPU.ActiveCfg = Release|Any CPU
		{9BBCF955-C42F-20F2-4FB6-D53E7F7E9688}.Release|Any CPU.Build.0 = Release|Any CPU
	EndGlobalSection
	GlobalSection(SolutionProperties) = preSolution
		HideSolutionNode = FALSE
	EndGlobalSection
EndGlobal
